
Microsoft Visual Studio Solution File, Format Version 12.00
# Visual Studio 15
VisualStudioVersion = 15.0.28010.2050
MinimumVisualStudioVersion = 10.0.40219.1
Project("{FAE04EC0-301F-11D3-BF4B-00C04F79EFBC}") = "BookStore", "BookStore\BookStore.csproj", "{4273A3C7-B9E9-46A5-9BC6-78F7BE34D678}"
EndProject
Global
	GlobalSection(SolutionConfigurationPlatforms) = preSolution
		Debug|Any CPU = Debug|Any CPU
		Release|Any CPU = Release|Any CPU
	EndGlobalSection
	GlobalSection(ProjectConfigurationPlatforms) = postSolution
		{4273A3C7-B9E9-46A5-9BC6-78F7BE34D678}.Debug|Any CPU.ActiveCfg = Debug|Any CPU
		{4273A3C7-B9E9-46A5-9BC6-78F7BE34D678}.Debug|Any CPU.Build.0 = Debug|Any CPU
		{4273A3C7-B9E9-46A5-9BC6-78F7BE34D678}.Release|Any CPU.ActiveCfg = Release|Any CPU
		{4273A3C7-B9E9-46A5-9BC6-78F7BE34D678}.Release|Any CPU.Build.0 = Release|Any CPU
	EndGlobalSection
	GlobalSection(SolutionProperties) = preSolution
		HideSolutionNode = FALSE
	EndGlobalSection
	GlobalSection(ExtensibilityGlobals) = postSolution
		SolutionGuid = {64B8E247-2659-4B42-9B3E-95BC5BC15903}
	EndGlobalSection
EndGlobal
